<?xml version="1.0" encoding="utf-8"?>
<Project ToolsVersion="4.0" xmlns="http://schemas.microsoft.com/developer/msbuild/2003">
  <ItemGroup>
    <ClCompile Include="main.cpp" />
  </ItemGroup>
  <ItemGroup>
    <Filter Include="external">
      <UniqueIdentifier>{510a63fd-a4ed-4c48-b543-130c4254ed26}</UniqueIdentifier>
    </Filter>
    <Filter Include="external\stb">
      <UniqueIdentifier>{b53213a1-5b9d-485c-858a-b7571725c39b}</UniqueIdentifier>
    </Filter>
  </ItemGroup>
  <ItemGroup>
    <ClInclude Include="external\thirteen.h">
      <Filter>external</Filter>
    </ClInclude>
    <ClInclude Include="external\stb\stb_image.h">
      <Filter>external\stb</Filter>
    </ClInclude>
    <ClInclude Include="external\stb\stb_image_write.h">
      <Filter>external\stb</Filter>
    </ClInclude>
    <ClInclude Include="MathUtils.h" />
  </ItemGroup>
</Project>